
Microsoft Visual Studio Solution File, Format Version 12.00
# Visual Studio Version 17
VisualStudioVersion = 17.11.35327.3
MinimumVisualStudioVersion = 10.0.40219.1
Project("{FAE04EC0-301F-11D3-BF4B-00C04F79EFBC}") = "SnapShop.APIs", "SnapShop.APIs\SnapShop.APIs.csproj", "{5E13A523-C84E-4E56-821A-64E20D38CD92}"
EndProject
Project("{FAE04EC0-301F-11D3-BF4B-00C04F79EFBC}") = "SnapShop.Core", "SnapShop.Core\SnapShop.Core.csproj", "{2BF8DA2B-79E1-4F0F-A7A4-BB5368C57F96}"
EndProject
Project("{FAE04EC0-301F-11D3-BF4B-00C04F79EFBC}") = "SnapShop.Repository", "SnapShop.Repository\SnapShop.Repository.csproj", "{318309D2-A98A-4375-A2E2-C752A54EB332}"
EndProject
Project("{FAE04EC0-301F-11D3-BF4B-00C04F79EFBC}") = "SnapShop.Service", "SnapShop.Service\SnapShop.Service.csproj", "{F911E3BA-8F3E-4756-BB75-0DA57F5820B9}"
EndProject
Global
	GlobalSection(SolutionConfigurationPlatforms) = preSolution
		Debug|Any CPU = Debug|Any CPU
		Release|Any CPU = Release|Any CPU
	EndGlobalSection
	GlobalSection(ProjectConfigurationPlatforms) = postSolution
		{5E13A523-C84E-4E56-821A-64E20D38CD92}.Debug|Any CPU.ActiveCfg = Debug|Any CPU
		{5E13A523-C84E-4E56-821A-64E20D38CD92}.Debug|Any CPU.Build.0 = Debug|Any CPU
		{5E13A523-C84E-4E56-821A-64E20D38CD92}.Release|Any CPU.ActiveCfg = Release|Any CPU
		{5E13A523-C84E-4E56-821A-64E20D38CD92}.Release|Any CPU.Build.0 = Release|Any CPU
		{2BF8DA2B-79E1-4F0F-A7A4-BB5368C57F96}.Debug|Any CPU.ActiveCfg = Debug|Any CPU
		{2BF8DA2B-79E1-4F0F-A7A4-BB5368C57F96}.Debug|Any CPU.Build.0 = Debug|Any CPU
		{2BF8DA2B-79E1-4F0F-A7A4-BB5368C57F96}.Release|Any CPU.ActiveCfg = Release|Any CPU
		{2BF8DA2B-79E1-4F0F-A7A4-BB5368C57F96}.Release|Any CPU.Build.0 = Release|Any CPU
		{318309D2-A98A-4375-A2E2-C752A54EB332}.Debug|Any CPU.ActiveCfg = Debug|Any CPU
		{318309D2-A98A-4375-A2E2-C752A54EB332}.Debug|Any CPU.Build.0 = Debug|Any CPU
		{318309D2-A98A-4375-A2E2-C752A54EB332}.Release|Any CPU.ActiveCfg = Release|Any CPU
		{318309D2-A98A-4375-A2E2-C752A54EB332}.Release|Any CPU.Build.0 = Release|Any CPU
		{F911E3BA-8F3E-4756-BB75-0DA57F5820B9}.Debug|Any CPU.ActiveCfg = Debug|Any CPU
		{F911E3BA-8F3E-4756-BB75-0DA57F5820B9}.Debug|Any CPU.Build.0 = Debug|Any CPU
		{F911E3BA-8F3E-4756-BB75-0DA57F5820B9}.Release|Any CPU.ActiveCfg = Release|Any CPU
		{F911E3BA-8F3E-4756-BB75-0DA57F5820B9}.Release|Any CPU.Build.0 = Release|Any CPU
	EndGlobalSection
	GlobalSection(SolutionProperties) = preSolution
		HideSolutionNode = FALSE
	EndGlobalSection
	GlobalSection(ExtensibilityGlobals) = postSolution
		SolutionGuid = {E4DE27D3-6255-48AA-BFDA-3684FBC30DC3}
	EndGlobalSection
EndGlobal
